
Microsoft Visual Studio Solution File, Format Version 12.00
# Visual Studio Version 16
VisualStudioVersion = 16.0.29009.5
MinimumVisualStudioVersion = 10.0.40219.1
Project("{FAE04EC0-301F-11D3-BF4B-00C04F79EFBC}") = "MishMashExamASP.NET", "MishMashExamASP.NET\MishMashExamASP.NET.csproj", "{5893396B-3770-4259-9708-73A173719AD1}"
EndProject
Global
	GlobalSection(SolutionConfigurationPlatforms) = preSolution
		Debug|Any CPU = Debug|Any CPU
		Release|Any CPU = Release|Any CPU
	EndGlobalSection
	GlobalSection(ProjectConfigurationPlatforms) = postSolution
		{5893396B-3770-4259-9708-73A173719AD1}.Debug|Any CPU.ActiveCfg = Debug|Any CPU
		{5893396B-3770-4259-9708-73A173719AD1}.Debug|Any CPU.Build.0 = Debug|Any CPU
		{5893396B-3770-4259-9708-73A173719AD1}.Release|Any CPU.ActiveCfg = Release|Any CPU
		{5893396B-3770-4259-9708-73A173719AD1}.Release|Any CPU.Build.0 = Release|Any CPU
	EndGlobalSection
	GlobalSection(SolutionProperties) = preSolution
		HideSolutionNode = FALSE
	EndGlobalSection
	GlobalSection(ExtensibilityGlobals) = postSolution
		SolutionGuid = {23EEF9EE-7218-44A3-A560-235F9B1B8ACE}
	EndGlobalSection
EndGlobal
